// !$*UTF8*$!
{
	archiveVersion = 1;
	classes = {
	};
	objectVersion = 48;
	objects = {

/* Begin PBXBuildFile section */
		B79854021F3D8F60004E4534 /* AppDelegate.swift in Sources */ = {isa = PBXBuildFile; fileRef = B79854011F3D8F60004E4534 /* AppDelegate.swift */; };
		B79854041F3D8F60004E4534 /* ViewController.swift in Sources */ = {isa = PBXBuildFile; fileRef = B79854031F3D8F60004E4534 /* ViewController.swift */; };
		B79854071F3D8F60004E4534 /* Main.storyboard in Resources */ = {isa = PBXBuildFile; fileRef = B79854051F3D8F60004E4534 /* Main.storyboard */; };
		B79854091F3D8F60004E4534 /* Assets.xcassets in Resources */ = {isa = PBXBuildFile; fileRef = B79854081F3D8F60004E4534 /* Assets.xcassets */; };
		B798540C1F3D8F60004E4534 /* LaunchScreen.storyboard in Resources */ = {isa = PBXBuildFile; fileRef = B798540A1F3D8F60004E4534 /* LaunchScreen.storyboard */; };
		B79854231F3D9029004E4534 /* AccountOwnerTests.swift in Sources */ = {isa = PBXBuildFile; fileRef = B79854221F3D9029004E4534 /* AccountOwnerTests.swift */; };
		B79854251F3D9195004E4534 /* AccountOwner.swift in Sources */ = {isa = PBXBuildFile; fileRef = B79854241F3D9195004E4534 /* AccountOwner.swift */; };
		B79854271F3E3D49004E4534 /* FirstNameValidatorTests.swift in Sources */ = {isa = PBXBuildFile; fileRef = B79854261F3E3D49004E4534 /* FirstNameValidatorTests.swift */; };
		B79854291F3E40E3004E4534 /* FirstNameValidator.swift in Sources */ = {isa = PBXBuildFile; fileRef = B79854281F3E40E3004E4534 /* FirstNameValidator.swift */; };
		B798542C1F3F1A26004E4534 /* LastNameValidatorTests.swift in Sources */ = {isa = PBXBuildFile; fileRef = B798542B1F3F1A26004E4534 /* LastNameValidatorTests.swift */; };
		B798542E1F3F1E57004E4534 /* LastNameValidator.swift in Sources */ = {isa = PBXBuildFile; fileRef = B798542D1F3F1E57004E4534 /* LastNameValidator.swift */; };
		B79854301F3F7DCD004E4534 /* EmailAddressValidatorTests.swift in Sources */ = {isa = PBXBuildFile; fileRef = B798542F1F3F7DCD004E4534 /* EmailAddressValidatorTests.swift */; };
		B79854321F3F7F54004E4534 /* EmailAddressValidator.swift in Sources */ = {isa = PBXBuildFile; fileRef = B79854311F3F7F54004E4534 /* EmailAddressValidator.swift */; };
		B79854351F3F91A3004E4534 /* MockFirstNameValidator.swift in Sources */ = {isa = PBXBuildFile; fileRef = B79854341F3F91A3004E4534 /* MockFirstNameValidator.swift */; };
		B79854371F417521004E4534 /* MockLastNameValidator.swift in Sources */ = {isa = PBXBuildFile; fileRef = B79854361F417521004E4534 /* MockLastNameValidator.swift */; };
		B79854391F41757E004E4534 /* MockEmailAddressValidator.swift in Sources */ = {isa = PBXBuildFile; fileRef = B79854381F41757E004E4534 /* MockEmailAddressValidator.swift */; };
		B798543B1F4191E5004E4534 /* Transaction.swift in Sources */ = {isa = PBXBuildFile; fileRef = B798543A1F4191E5004E4534 /* Transaction.swift */; };
		B798543D1F4193F3004E4534 /* BankAccount.swift in Sources */ = {isa = PBXBuildFile; fileRef = B798543C1F4193F3004E4534 /* BankAccount.swift */; };
		B798543F1F41959A004E4534 /* BankAccountTests.swift in Sources */ = {isa = PBXBuildFile; fileRef = B798543E1F41959A004E4534 /* BankAccountTests.swift */; };
		B79854411F419663004E4534 /* AccountNameValidator.swift in Sources */ = {isa = PBXBuildFile; fileRef = B79854401F419663004E4534 /* AccountNameValidator.swift */; };
		B79854431F41968A004E4534 /* AccountNumberValidator.swift in Sources */ = {isa = PBXBuildFile; fileRef = B79854421F41968A004E4534 /* AccountNumberValidator.swift */; };
		B79854451F419729004E4534 /* AmountValidator.swift in Sources */ = {isa = PBXBuildFile; fileRef = B79854441F419729004E4534 /* AmountValidator.swift */; };
		B79854471F419DE6004E4534 /* SortingCodeValidator.swift in Sources */ = {isa = PBXBuildFile; fileRef = B79854461F419DE6004E4534 /* SortingCodeValidator.swift */; };
		B79854491F419FC4004E4534 /* TransactionDescriptionValidator.swift in Sources */ = {isa = PBXBuildFile; fileRef = B79854481F419FC4004E4534 /* TransactionDescriptionValidator.swift */; };
		B798544B1F41A01E004E4534 /* MockAccountNameValidator.swift in Sources */ = {isa = PBXBuildFile; fileRef = B798544A1F41A01E004E4534 /* MockAccountNameValidator.swift */; };
		B798544D1F41A04F004E4534 /* MockAccountNumberValidator.swift in Sources */ = {isa = PBXBuildFile; fileRef = B798544C1F41A04F004E4534 /* MockAccountNumberValidator.swift */; };
		B798544F1F41A117004E4534 /* MockAmountValidator.swift in Sources */ = {isa = PBXBuildFile; fileRef = B798544E1F41A117004E4534 /* MockAmountValidator.swift */; };
		B79854511F41A147004E4534 /* MockSortingCodeValidator.swift in Sources */ = {isa = PBXBuildFile; fileRef = B79854501F41A147004E4534 /* MockSortingCodeValidator.swift */; };
		B79854531F41A173004E4534 /* MockTransactionDescriptionValidator.swift in Sources */ = {isa = PBXBuildFile; fileRef = B79854521F41A173004E4534 /* MockTransactionDescriptionValidator.swift */; };
		B79854551F41A237004E4534 /* SortingCodeValidatorTests.swift in Sources */ = {isa = PBXBuildFile; fileRef = B79854541F41A237004E4534 /* SortingCodeValidatorTests.swift */; };
		B79854571F41A28D004E4534 /* TransactionDescriptionValidatorTests.swift in Sources */ = {isa = PBXBuildFile; fileRef = B79854561F41A28D004E4534 /* TransactionDescriptionValidatorTests.swift */; };
		B79854591F41A2C1004E4534 /* TransactionTests.swift in Sources */ = {isa = PBXBuildFile; fileRef = B79854581F41A2C1004E4534 /* TransactionTests.swift */; };
/* End PBXBuildFile section */

/* Begin PBXContainerItemProxy section */
		B79854131F3D8F61004E4534 /* PBXContainerItemProxy */ = {
			isa = PBXContainerItemProxy;
			containerPortal = B79853F61F3D8F60004E4534 /* Project object */;
			proxyType = 1;
			remoteGlobalIDString = B79853FD1F3D8F60004E4534;
			remoteInfo = BankMVVM;
		};
/* End PBXContainerItemProxy section */

/* Begin PBXFileReference section */
		B79853FE1F3D8F60004E4534 /* BankMVVM.app */ = {isa = PBXFileReference; explicitFileType = wrapper.application; includeInIndex = 0; path = BankMVVM.app; sourceTree = BUILT_PRODUCTS_DIR; };
		B79854011F3D8F60004E4534 /* AppDelegate.swift */ = {isa = PBXFileReference; lastKnownFileType = sourcecode.swift; path = AppDelegate.swift; sourceTree = "<group>"; };
		B79854031F3D8F60004E4534 /* ViewController.swift */ = {isa = PBXFileReference; lastKnownFileType = sourcecode.swift; path = ViewController.swift; sourceTree = "<group>"; };
		B79854061F3D8F60004E4534 /* Base */ = {isa = PBXFileReference; lastKnownFileType = file.storyboard; name = Base; path = Base.lproj/Main.storyboard; sourceTree = "<group>"; };
		B79854081F3D8F60004E4534 /* Assets.xcassets */ = {isa = PBXFileReference; lastKnownFileType = folder.assetcatalog; path = Assets.xcassets; sourceTree = "<group>"; };
		B798540B1F3D8F60004E4534 /* Base */ = {isa = PBXFileReference; lastKnownFileType = file.storyboard; name = Base; path = Base.lproj/LaunchScreen.storyboard; sourceTree = "<group>"; };
		B798540D1F3D8F60004E4534 /* Info.plist */ = {isa = PBXFileReference; lastKnownFileType = text.plist.xml; path = Info.plist; sourceTree = "<group>"; };
		B79854121F3D8F61004E4534 /* BankMVVMTests.xctest */ = {isa = PBXFileReference; explicitFileType = wrapper.cfbundle; includeInIndex = 0; path = BankMVVMTests.xctest; sourceTree = BUILT_PRODUCTS_DIR; };
		B79854181F3D8F61004E4534 /* Info.plist */ = {isa = PBXFileReference; lastKnownFileType = text.plist.xml; path = Info.plist; sourceTree = "<group>"; };
		B79854221F3D9029004E4534 /* AccountOwnerTests.swift */ = {isa = PBXFileReference; lastKnownFileType = sourcecode.swift; path = AccountOwnerTests.swift; sourceTree = "<group>"; };
		B79854241F3D9195004E4534 /* AccountOwner.swift */ = {isa = PBXFileReference; lastKnownFileType = sourcecode.swift; path = AccountOwner.swift; sourceTree = "<group>"; };
		B79854261F3E3D49004E4534 /* FirstNameValidatorTests.swift */ = {isa = PBXFileReference; lastKnownFileType = sourcecode.swift; path = FirstNameValidatorTests.swift; sourceTree = "<group>"; };
		B79854281F3E40E3004E4534 /* FirstNameValidator.swift */ = {isa = PBXFileReference; lastKnownFileType = sourcecode.swift; path = FirstNameValidator.swift; sourceTree = "<group>"; };
		B798542B1F3F1A26004E4534 /* LastNameValidatorTests.swift */ = {isa = PBXFileReference; lastKnownFileType = sourcecode.swift; path = LastNameValidatorTests.swift; sourceTree = "<group>"; };
		B798542D1F3F1E57004E4534 /* LastNameValidator.swift */ = {isa = PBXFileReference; lastKnownFileType = sourcecode.swift; path = LastNameValidator.swift; sourceTree = "<group>"; };
		B798542F1F3F7DCD004E4534 /* EmailAddressValidatorTests.swift */ = {isa = PBXFileReference; lastKnownFileType = sourcecode.swift; path = EmailAddressValidatorTests.swift; sourceTree = "<group>"; };
		B79854311F3F7F54004E4534 /* EmailAddressValidator.swift */ = {isa = PBXFileReference; lastKnownFileType = sourcecode.swift; path = EmailAddressValidator.swift; sourceTree = "<group>"; };
		B79854341F3F91A3004E4534 /* MockFirstNameValidator.swift */ = {isa = PBXFileReference; lastKnownFileType = sourcecode.swift; path = MockFirstNameValidator.swift; sourceTree = "<group>"; };
		B79854361F417521004E4534 /* MockLastNameValidator.swift */ = {isa = PBXFileReference; lastKnownFileType = sourcecode.swift; path = MockLastNameValidator.swift; sourceTree = "<group>"; };
		B79854381F41757E004E4534 /* MockEmailAddressValidator.swift */ = {isa = PBXFileReference; lastKnownFileType = sourcecode.swift; path = MockEmailAddressValidator.swift; sourceTree = "<group>"; };
		B798543A1F4191E5004E4534 /* Transaction.swift */ = {isa = PBXFileReference; lastKnownFileType = sourcecode.swift; path = Transaction.swift; sourceTree = "<group>"; };
		B798543C1F4193F3004E4534 /* BankAccount.swift */ = {isa = PBXFileReference; lastKnownFileType = sourcecode.swift; path = BankAccount.swift; sourceTree = "<group>"; };
		B798543E1F41959A004E4534 /* BankAccountTests.swift */ = {isa = PBXFileReference; lastKnownFileType = sourcecode.swift; path = BankAccountTests.swift; sourceTree = "<group>"; };
		B79854401F419663004E4534 /* AccountNameValidator.swift */ = {isa = PBXFileReference; lastKnownFileType = sourcecode.swift; path = AccountNameValidator.swift; sourceTree = "<group>"; };
		B79854421F41968A004E4534 /* AccountNumberValidator.swift */ = {isa = PBXFileReference; lastKnownFileType = sourcecode.swift; path = AccountNumberValidator.swift; sourceTree = "<group>"; };
		B79854441F419729004E4534 /* AmountValidator.swift */ = {isa = PBXFileReference; lastKnownFileType = sourcecode.swift; path = AmountValidator.swift; sourceTree = "<group>"; };
		B79854461F419DE6004E4534 /* SortingCodeValidator.swift */ = {isa = PBXFileReference; lastKnownFileType = sourcecode.swift; path = SortingCodeValidator.swift; sourceTree = "<group>"; };
		B79854481F419FC4004E4534 /* TransactionDescriptionValidator.swift */ = {isa = PBXFileReference; lastKnownFileType = sourcecode.swift; path = TransactionDescriptionValidator.swift; sourceTree = "<group>"; };
		B798544A1F41A01E004E4534 /* MockAccountNameValidator.swift */ = {isa = PBXFileReference; lastKnownFileType = sourcecode.swift; path = MockAccountNameValidator.swift; sourceTree = "<group>"; };
		B798544C1F41A04F004E4534 /* MockAccountNumberValidator.swift */ = {isa = PBXFileReference; lastKnownFileType = sourcecode.swift; path = MockAccountNumberValidator.swift; sourceTree = "<group>"; };
		B798544E1F41A117004E4534 /* MockAmountValidator.swift */ = {isa = PBXFileReference; lastKnownFileType = sourcecode.swift; path = MockAmountValidator.swift; sourceTree = "<group>"; };
		B79854501F41A147004E4534 /* MockSortingCodeValidator.swift */ = {isa = PBXFileReference; lastKnownFileType = sourcecode.swift; path = MockSortingCodeValidator.swift; sourceTree = "<group>"; };
		B79854521F41A173004E4534 /* MockTransactionDescriptionValidator.swift */ = {isa = PBXFileReference; lastKnownFileType = sourcecode.swift; path = MockTransactionDescriptionValidator.swift; sourceTree = "<group>"; };
		B79854541F41A237004E4534 /* SortingCodeValidatorTests.swift */ = {isa = PBXFileReference; lastKnownFileType = sourcecode.swift; path = SortingCodeValidatorTests.swift; sourceTree = "<group>"; };
		B79854561F41A28D004E4534 /* TransactionDescriptionValidatorTests.swift */ = {isa = PBXFileReference; lastKnownFileType = sourcecode.swift; path = TransactionDescriptionValidatorTests.swift; sourceTree = "<group>"; };
		B79854581F41A2C1004E4534 /* TransactionTests.swift */ = {isa = PBXFileReference; lastKnownFileType = sourcecode.swift; path = TransactionTests.swift; sourceTree = "<group>"; };
/* End PBXFileReference section */

/* Begin PBXFrameworksBuildPhase section */
		B79853FB1F3D8F60004E4534 /* Frameworks */ = {
			isa = PBXFrameworksBuildPhase;
			buildActionMask = 2147483647;
			files = (
			);
			runOnlyForDeploymentPostprocessing = 0;
		};
		B798540F1F3D8F61004E4534 /* Frameworks */ = {
			isa = PBXFrameworksBuildPhase;
			buildActionMask = 2147483647;
			files = (
			);
			runOnlyForDeploymentPostprocessing = 0;
		};
/* End PBXFrameworksBuildPhase section */

/* Begin PBXGroup section */
		B79853F51F3D8F60004E4534 = {
			isa = PBXGroup;
			children = (
				B79854001F3D8F60004E4534 /* BankMVVM */,
				B79854151F3D8F61004E4534 /* BankMVVMTests */,
				B79853FF1F3D8F60004E4534 /* Products */,
			);
			sourceTree = "<group>";
		};
		B79853FF1F3D8F60004E4534 /* Products */ = {
			isa = PBXGroup;
			children = (
				B79853FE1F3D8F60004E4534 /* BankMVVM.app */,
				B79854121F3D8F61004E4534 /* BankMVVMTests.xctest */,
			);
			name = Products;
			sourceTree = "<group>";
		};
		B79854001F3D8F60004E4534 /* BankMVVM */ = {
			isa = PBXGroup;
			children = (
				B798542A1F3F19F5004E4534 /* Validators */,
				B79854211F3D8F8C004E4534 /* Model */,
				B79854011F3D8F60004E4534 /* AppDelegate.swift */,
				B79854031F3D8F60004E4534 /* ViewController.swift */,
				B79854051F3D8F60004E4534 /* Main.storyboard */,
				B79854081F3D8F60004E4534 /* Assets.xcassets */,
				B798540A1F3D8F60004E4534 /* LaunchScreen.storyboard */,
				B798540D1F3D8F60004E4534 /* Info.plist */,
			);
			path = BankMVVM;
			sourceTree = "<group>";
		};
		B79854151F3D8F61004E4534 /* BankMVVMTests */ = {
			isa = PBXGroup;
			children = (
				B79854331F3F9162004E4534 /* Mocks */,
				B79854181F3D8F61004E4534 /* Info.plist */,
				B79854221F3D9029004E4534 /* AccountOwnerTests.swift */,
				B79854261F3E3D49004E4534 /* FirstNameValidatorTests.swift */,
				B798542B1F3F1A26004E4534 /* LastNameValidatorTests.swift */,
				B798542F1F3F7DCD004E4534 /* EmailAddressValidatorTests.swift */,
				B798543E1F41959A004E4534 /* BankAccountTests.swift */,
				B79854541F41A237004E4534 /* SortingCodeValidatorTests.swift */,
				B79854561F41A28D004E4534 /* TransactionDescriptionValidatorTests.swift */,
				B79854581F41A2C1004E4534 /* TransactionTests.swift */,
			);
			path = BankMVVMTests;
			sourceTree = "<group>";
		};
		B79854211F3D8F8C004E4534 /* Model */ = {
			isa = PBXGroup;
			children = (
				B79854241F3D9195004E4534 /* AccountOwner.swift */,
				B798543A1F4191E5004E4534 /* Transaction.swift */,
				B798543C1F4193F3004E4534 /* BankAccount.swift */,
			);
			path = Model;
			sourceTree = "<group>";
		};
		B798542A1F3F19F5004E4534 /* Validators */ = {
			isa = PBXGroup;
			children = (
				B79854281F3E40E3004E4534 /* FirstNameValidator.swift */,
				B798542D1F3F1E57004E4534 /* LastNameValidator.swift */,
				B79854311F3F7F54004E4534 /* EmailAddressValidator.swift */,
				B79854401F419663004E4534 /* AccountNameValidator.swift */,
				B79854421F41968A004E4534 /* AccountNumberValidator.swift */,
				B79854441F419729004E4534 /* AmountValidator.swift */,
				B79854461F419DE6004E4534 /* SortingCodeValidator.swift */,
				B79854481F419FC4004E4534 /* TransactionDescriptionValidator.swift */,
			);
			path = Validators;
			sourceTree = "<group>";
		};
		B79854331F3F9162004E4534 /* Mocks */ = {
			isa = PBXGroup;
			children = (
				B79854341F3F91A3004E4534 /* MockFirstNameValidator.swift */,
				B79854361F417521004E4534 /* MockLastNameValidator.swift */,
				B79854381F41757E004E4534 /* MockEmailAddressValidator.swift */,
				B798544A1F41A01E004E4534 /* MockAccountNameValidator.swift */,
				B798544C1F41A04F004E4534 /* MockAccountNumberValidator.swift */,
				B798544E1F41A117004E4534 /* MockAmountValidator.swift */,
				B79854501F41A147004E4534 /* MockSortingCodeValidator.swift */,
				B79854521F41A173004E4534 /* MockTransactionDescriptionValidator.swift */,
			);
			path = Mocks;
			sourceTree = "<group>";
		};
/* End PBXGroup section */

/* Begin PBXNativeTarget section */
		B79853FD1F3D8F60004E4534 /* BankMVVM */ = {
			isa = PBXNativeTarget;
			buildConfigurationList = B798541B1F3D8F61004E4534 /* Build configuration list for PBXNativeTarget "BankMVVM" */;
			buildPhases = (
				B79853FA1F3D8F60004E4534 /* Sources */,
				B79853FB1F3D8F60004E4534 /* Frameworks */,
				B79853FC1F3D8F60004E4534 /* Resources */,
			);
			buildRules = (
			);
			dependencies = (
			);
			name = BankMVVM;
			productName = BankMVVM;
			productReference = B79853FE1F3D8F60004E4534 /* BankMVVM.app */;
			productType = "com.apple.product-type.application";
		};
		B79854111F3D8F61004E4534 /* BankMVVMTests */ = {
			isa = PBXNativeTarget;
			buildConfigurationList = B798541E1F3D8F61004E4534 /* Build configuration list for PBXNativeTarget "BankMVVMTests" */;
			buildPhases = (
				B798540E1F3D8F61004E4534 /* Sources */,
				B798540F1F3D8F61004E4534 /* Frameworks */,
				B79854101F3D8F61004E4534 /* Resources */,
			);
			buildRules = (
			);
			dependencies = (
				B79854141F3D8F61004E4534 /* PBXTargetDependency */,
			);
			name = BankMVVMTests;
			productName = BankMVVMTests;
			productReference = B79854121F3D8F61004E4534 /* BankMVVMTests.xctest */;
			productType = "com.apple.product-type.bundle.unit-test";
		};
/* End PBXNativeTarget section */

/* Begin PBXProject section */
		B79853F61F3D8F60004E4534 /* Project object */ = {
			isa = PBXProject;
			attributes = {
				LastSwiftUpdateCheck = 0900;
				LastUpgradeCheck = 0900;
				ORGANIZATIONNAME = "Fomin Mykola";
				TargetAttributes = {
					B79853FD1F3D8F60004E4534 = {
						CreatedOnToolsVersion = 9.0;
					};
					B79854111F3D8F61004E4534 = {
						CreatedOnToolsVersion = 9.0;
						TestTargetID = B79853FD1F3D8F60004E4534;
					};
				};
			};
			buildConfigurationList = B79853F91F3D8F60004E4534 /* Build configuration list for PBXProject "BankMVVM" */;
			compatibilityVersion = "Xcode 8.0";
			developmentRegion = en;
			hasScannedForEncodings = 0;
			knownRegions = (
				en,
				Base,
			);
			mainGroup = B79853F51F3D8F60004E4534;
			productRefGroup = B79853FF1F3D8F60004E4534 /* Products */;
			projectDirPath = "";
			projectRoot = "";
			targets = (
				B79853FD1F3D8F60004E4534 /* BankMVVM */,
				B79854111F3D8F61004E4534 /* BankMVVMTests */,
			);
		};
/* End PBXProject section */

/* Begin PBXResourcesBuildPhase section */
		B79853FC1F3D8F60004E4534 /* Resources */ = {
			isa = PBXResourcesBuildPhase;
			buildActionMask = 2147483647;
			files = (
				B798540C1F3D8F60004E4534 /* LaunchScreen.storyboard in Resources */,
				B79854091F3D8F60004E4534 /* Assets.xcassets in Resources */,
				B79854071F3D8F60004E4534 /* Main.storyboard in Resources */,
			);
			runOnlyForDeploymentPostprocessing = 0;
		};
		B79854101F3D8F61004E4534 /* Resources */ = {
			isa = PBXResourcesBuildPhase;
			buildActionMask = 2147483647;
			files = (
			);
			runOnlyForDeploymentPostprocessing = 0;
		};
/* End PBXResourcesBuildPhase section */

/* Begin PBXSourcesBuildPhase section */
		B79853FA1F3D8F60004E4534 /* Sources */ = {
			isa = PBXSourcesBuildPhase;
			buildActionMask = 2147483647;
			files = (
				B798543B1F4191E5004E4534 /* Transaction.swift in Sources */,
				B79854451F419729004E4534 /* AmountValidator.swift in Sources */,
				B79854431F41968A004E4534 /* AccountNumberValidator.swift in Sources */,
				B79854321F3F7F54004E4534 /* EmailAddressValidator.swift in Sources */,
				B79854491F419FC4004E4534 /* TransactionDescriptionValidator.swift in Sources */,
				B79854471F419DE6004E4534 /* SortingCodeValidator.swift in Sources */,
				B79854251F3D9195004E4534 /* AccountOwner.swift in Sources */,
				B79854041F3D8F60004E4534 /* ViewController.swift in Sources */,
				B798542E1F3F1E57004E4534 /* LastNameValidator.swift in Sources */,
				B798543D1F4193F3004E4534 /* BankAccount.swift in Sources */,
				B79854411F419663004E4534 /* AccountNameValidator.swift in Sources */,
				B79854291F3E40E3004E4534 /* FirstNameValidator.swift in Sources */,
				B79854021F3D8F60004E4534 /* AppDelegate.swift in Sources */,
			);
			runOnlyForDeploymentPostprocessing = 0;
		};
		B798540E1F3D8F61004E4534 /* Sources */ = {
			isa = PBXSourcesBuildPhase;
			buildActionMask = 2147483647;
			files = (
				B79854301F3F7DCD004E4534 /* EmailAddressValidatorTests.swift in Sources */,
				B798542C1F3F1A26004E4534 /* LastNameValidatorTests.swift in Sources */,
				B79854551F41A237004E4534 /* SortingCodeValidatorTests.swift in Sources */,
				B79854271F3E3D49004E4534 /* FirstNameValidatorTests.swift in Sources */,
				B79854531F41A173004E4534 /* MockTransactionDescriptionValidator.swift in Sources */,
				B79854571F41A28D004E4534 /* TransactionDescriptionValidatorTests.swift in Sources */,
				B79854231F3D9029004E4534 /* AccountOwnerTests.swift in Sources */,
				B79854351F3F91A3004E4534 /* MockFirstNameValidator.swift in Sources */,
				B798544B1F41A01E004E4534 /* MockAccountNameValidator.swift in Sources */,
				B798543F1F41959A004E4534 /* BankAccountTests.swift in Sources */,
				B79854591F41A2C1004E4534 /* TransactionTests.swift in Sources */,
				B79854371F417521004E4534 /* MockLastNameValidator.swift in Sources */,
				B798544D1F41A04F004E4534 /* MockAccountNumberValidator.swift in Sources */,
				B79854391F41757E004E4534 /* MockEmailAddressValidator.swift in Sources */,
				B79854511F41A147004E4534 /* MockSortingCodeValidator.swift in Sources */,
				B798544F1F41A117004E4534 /* MockAmountValidator.swift in Sources */,
			);
			runOnlyForDeploymentPostprocessing = 0;
		};
/* End PBXSourcesBuildPhase section */

/* Begin PBXTargetDependency section */
		B79854141F3D8F61004E4534 /* PBXTargetDependency */ = {
			isa = PBXTargetDependency;
			target = B79853FD1F3D8F60004E4534 /* BankMVVM */;
			targetProxy = B79854131F3D8F61004E4534 /* PBXContainerItemProxy */;
		};
/* End PBXTargetDependency section */

/* Begin PBXVariantGroup section */
		B79854051F3D8F60004E4534 /* Main.storyboard */ = {
			isa = PBXVariantGroup;
			children = (
				B79854061F3D8F60004E4534 /* Base */,
			);
			name = Main.storyboard;
			sourceTree = "<group>";
		};
		B798540A1F3D8F60004E4534 /* LaunchScreen.storyboard */ = {
			isa = PBXVariantGroup;
			children = (
				B798540B1F3D8F60004E4534 /* Base */,
			);
			name = LaunchScreen.storyboard;
			sourceTree = "<group>";
		};
/* End PBXVariantGroup section */

/* Begin XCBuildConfiguration section */
		B79854191F3D8F61004E4534 /* Debug */ = {
			isa = XCBuildConfiguration;
			buildSettings = {
				ALWAYS_SEARCH_USER_PATHS = NO;
				CLANG_ANALYZER_NONNULL = YES;
				CLANG_ANALYZER_NUMBER_OBJECT_CONVERSION = YES_AGGRESSIVE;
				CLANG_CXX_LANGUAGE_STANDARD = "gnu++14";
				CLANG_CXX_LIBRARY = "libc++";
				CLANG_ENABLE_MODULES = YES;
				CLANG_ENABLE_OBJC_ARC = YES;
				CLANG_WARN_BLOCK_CAPTURE_AUTORELEASING = YES;
				CLANG_WARN_BOOL_CONVERSION = YES;
				CLANG_WARN_COMMA = YES;
				CLANG_WARN_CONSTANT_CONVERSION = YES;
				CLANG_WARN_DIRECT_OBJC_ISA_USAGE = YES_ERROR;
				CLANG_WARN_DOCUMENTATION_COMMENTS = YES;
				CLANG_WARN_EMPTY_BODY = YES;
				CLANG_WARN_ENUM_CONVERSION = YES;
				CLANG_WARN_INFINITE_RECURSION = YES;
				CLANG_WARN_INT_CONVERSION = YES;
				CLANG_WARN_NON_LITERAL_NULL_CONVERSION = YES;
				CLANG_WARN_OBJC_LITERAL_CONVERSION = YES;
				CLANG_WARN_OBJC_ROOT_CLASS = YES_ERROR;
				CLANG_WARN_RANGE_LOOP_ANALYSIS = YES;
				CLANG_WARN_STRICT_PROTOTYPES = YES;
				CLANG_WARN_SUSPICIOUS_MOVE = YES;
				CLANG_WARN_UNGUARDED_AVAILABILITY = YES_AGGRESSIVE;
				CLANG_WARN_UNREACHABLE_CODE = YES;
				CLANG_WARN__DUPLICATE_METHOD_MATCH = YES;
				CODE_SIGN_IDENTITY = "iPhone Developer";
				COPY_PHASE_STRIP = NO;
				DEBUG_INFORMATION_FORMAT = dwarf;
				ENABLE_STRICT_OBJC_MSGSEND = YES;
				ENABLE_TESTABILITY = YES;
				GCC_C_LANGUAGE_STANDARD = gnu11;
				GCC_DYNAMIC_NO_PIC = NO;
				GCC_NO_COMMON_BLOCKS = YES;
				GCC_OPTIMIZATION_LEVEL = 0;
				GCC_PREPROCESSOR_DEFINITIONS = (
					"DEBUG=1",
					"$(inherited)",
				);
				GCC_WARN_64_TO_32_BIT_CONVERSION = YES;
				GCC_WARN_ABOUT_RETURN_TYPE = YES_ERROR;
				GCC_WARN_UNDECLARED_SELECTOR = YES;
				GCC_WARN_UNINITIALIZED_AUTOS = YES_AGGRESSIVE;
				GCC_WARN_UNUSED_FUNCTION = YES;
				GCC_WARN_UNUSED_VARIABLE = YES;
				IPHONEOS_DEPLOYMENT_TARGET = 11.0;
				MTL_ENABLE_DEBUG_INFO = YES;
				ONLY_ACTIVE_ARCH = YES;
				SDKROOT = iphoneos;
				SWIFT_ACTIVE_COMPILATION_CONDITIONS = DEBUG;
				SWIFT_OPTIMIZATION_LEVEL = "-Onone";
			};
			name = Debug;
		};
		B798541A1F3D8F61004E4534 /* Release */ = {
			isa = XCBuildConfiguration;
			buildSettings = {
				ALWAYS_SEARCH_USER_PATHS = NO;
				CLANG_ANALYZER_NONNULL = YES;
				CLANG_ANALYZER_NUMBER_OBJECT_CONVERSION = YES_AGGRESSIVE;
				CLANG_CXX_LANGUAGE_STANDARD = "gnu++14";
				CLANG_CXX_LIBRARY = "libc++";
				CLANG_ENABLE_MODULES = YES;
				CLANG_ENABLE_OBJC_ARC = YES;
				CLANG_WARN_BLOCK_CAPTURE_AUTORELEASING = YES;
				CLANG_WARN_BOOL_CONVERSION = YES;
				CLANG_WARN_COMMA = YES;
				CLANG_WARN_CONSTANT_CONVERSION = YES;
				CLANG_WARN_DIRECT_OBJC_ISA_USAGE = YES_ERROR;
				CLANG_WARN_DOCUMENTATION_COMMENTS = YES;
				CLANG_WARN_EMPTY_BODY = YES;
				CLANG_WARN_ENUM_CONVERSION = YES;
				CLANG_WARN_INFINITE_RECURSION = YES;
				CLANG_WARN_INT_CONVERSION = YES;
				CLANG_WARN_NON_LITERAL_NULL_CONVERSION = YES;
				CLANG_WARN_OBJC_LITERAL_CONVERSION = YES;
				CLANG_WARN_OBJC_ROOT_CLASS = YES_ERROR;
				CLANG_WARN_RANGE_LOOP_ANALYSIS = YES;
				CLANG_WARN_STRICT_PROTOTYPES = YES;
				CLANG_WARN_SUSPICIOUS_MOVE = YES;
				CLANG_WARN_UNGUARDED_AVAILABILITY = YES_AGGRESSIVE;
				CLANG_WARN_UNREACHABLE_CODE = YES;
				CLANG_WARN__DUPLICATE_METHOD_MATCH = YES;
				CODE_SIGN_IDENTITY = "iPhone Developer";
				COPY_PHASE_STRIP = NO;
				DEBUG_INFORMATION_FORMAT = "dwarf-with-dsym";
				ENABLE_NS_ASSERTIONS = NO;
				ENABLE_STRICT_OBJC_MSGSEND = YES;
				GCC_C_LANGUAGE_STANDARD = gnu11;
				GCC_NO_COMMON_BLOCKS = YES;
				GCC_WARN_64_TO_32_BIT_CONVERSION = YES;
				GCC_WARN_ABOUT_RETURN_TYPE = YES_ERROR;
				GCC_WARN_UNDECLARED_SELECTOR = YES;
				GCC_WARN_UNINITIALIZED_AUTOS = YES_AGGRESSIVE;
				GCC_WARN_UNUSED_FUNCTION = YES;
				GCC_WARN_UNUSED_VARIABLE = YES;
				IPHONEOS_DEPLOYMENT_TARGET = 11.0;
				MTL_ENABLE_DEBUG_INFO = NO;
				SDKROOT = iphoneos;
				SWIFT_OPTIMIZATION_LEVEL = "-Owholemodule";
				VALIDATE_PRODUCT = YES;
			};
			name = Release;
		};
		B798541C1F3D8F61004E4534 /* Debug */ = {
			isa = XCBuildConfiguration;
			buildSettings = {
				ASSETCATALOG_COMPILER_APPICON_NAME = AppIcon;
				DEVELOPMENT_TEAM = X3563PB3YJ;
				INFOPLIST_FILE = BankMVVM/Info.plist;
				LD_RUNPATH_SEARCH_PATHS = "$(inherited) @executable_path/Frameworks";
				PRODUCT_BUNDLE_IDENTIFIER = giraffe.in.ua.BankMVVM;
				PRODUCT_NAME = "$(TARGET_NAME)";
				SWIFT_VERSION = 4.0;
				TARGETED_DEVICE_FAMILY = "1,2";
			};
			name = Debug;
		};
		B798541D1F3D8F61004E4534 /* Release */ = {
			isa = XCBuildConfiguration;
			buildSettings = {
				ASSETCATALOG_COMPILER_APPICON_NAME = AppIcon;
				DEVELOPMENT_TEAM = X3563PB3YJ;
				INFOPLIST_FILE = BankMVVM/Info.plist;
				LD_RUNPATH_SEARCH_PATHS = "$(inherited) @executable_path/Frameworks";
				PRODUCT_BUNDLE_IDENTIFIER = giraffe.in.ua.BankMVVM;
				PRODUCT_NAME = "$(TARGET_NAME)";
				SWIFT_VERSION = 4.0;
				TARGETED_DEVICE_FAMILY = "1,2";
			};
			name = Release;
		};
		B798541F1F3D8F61004E4534 /* Debug */ = {
			isa = XCBuildConfiguration;
			buildSettings = {
				ALWAYS_EMBED_SWIFT_STANDARD_LIBRARIES = YES;
				BUNDLE_LOADER = "$(TEST_HOST)";
				DEVELOPMENT_TEAM = X3563PB3YJ;
				INFOPLIST_FILE = BankMVVMTests/Info.plist;
				LD_RUNPATH_SEARCH_PATHS = "$(inherited) @executable_path/Frameworks @loader_path/Frameworks";
				PRODUCT_BUNDLE_IDENTIFIER = giraffe.in.ua.BankMVVMTests;
				PRODUCT_NAME = "$(TARGET_NAME)";
				SWIFT_VERSION = 4.0;
				TARGETED_DEVICE_FAMILY = "1,2";
				TEST_HOST = "$(BUILT_PRODUCTS_DIR)/BankMVVM.app/BankMVVM";
			};
			name = Debug;
		};
		B79854201F3D8F61004E4534 /* Release */ = {
			isa = XCBuildConfiguration;
			buildSettings = {
				ALWAYS_EMBED_SWIFT_STANDARD_LIBRARIES = YES;
				BUNDLE_LOADER = "$(TEST_HOST)";
				DEVELOPMENT_TEAM = X3563PB3YJ;
				INFOPLIST_FILE = BankMVVMTests/Info.plist;
				LD_RUNPATH_SEARCH_PATHS = "$(inherited) @executable_path/Frameworks @loader_path/Frameworks";
				PRODUCT_BUNDLE_IDENTIFIER = giraffe.in.ua.BankMVVMTests;
				PRODUCT_NAME = "$(TARGET_NAME)";
				SWIFT_VERSION = 4.0;
				TARGETED_DEVICE_FAMILY = "1,2";
				TEST_HOST = "$(BUILT_PRODUCTS_DIR)/BankMVVM.app/BankMVVM";
			};
			name = Release;
		};
/* End XCBuildConfiguration section */

/* Begin XCConfigurationList section */
		B79853F91F3D8F60004E4534 /* Build configuration list for PBXProject "BankMVVM" */ = {
			isa = XCConfigurationList;
			buildConfigurations = (
				B79854191F3D8F61004E4534 /* Debug */,
				B798541A1F3D8F61004E4534 /* Release */,
			);
			defaultConfigurationIsVisible = 0;
			defaultConfigurationName = Release;
		};
		B798541B1F3D8F61004E4534 /* Build configuration list for PBXNativeTarget "BankMVVM" */ = {
			isa = XCConfigurationList;
			buildConfigurations = (
				B798541C1F3D8F61004E4534 /* Debug */,
				B798541D1F3D8F61004E4534 /* Release */,
			);
			defaultConfigurationIsVisible = 0;
			defaultConfigurationName = Release;
		};
		B798541E1F3D8F61004E4534 /* Build configuration list for PBXNativeTarget "BankMVVMTests" */ = {
			isa = XCConfigurationList;
			buildConfigurations = (
				B798541F1F3D8F61004E4534 /* Debug */,
				B79854201F3D8F61004E4534 /* Release */,
			);
			defaultConfigurationIsVisible = 0;
			defaultConfigurationName = Release;
		};
/* End XCConfigurationList section */
	};
	rootObject = B79853F61F3D8F60004E4534 /* Project object */;
}
